
Microsoft Visual Studio Solution File, Format Version 12.00
# Visual Studio Version 16
VisualStudioVersion = 16.0.31702.278
MinimumVisualStudioVersion = 10.0.40219.1
Project("{FAE04EC0-301F-11D3-BF4B-00C04F79EFBC}") = "materiallistExcel", "materiallistExcel\materiallistExcel.csproj", "{11BB7A18-4955-4DB7-9927-86A313A25273}"
EndProject
Global
	GlobalSection(SolutionConfigurationPlatforms) = preSolution
		Debug|Any CPU = Debug|Any CPU
		Release|Any CPU = Release|Any CPU
	EndGlobalSection
	GlobalSection(ProjectConfigurationPlatforms) = postSolution
		{11BB7A18-4955-4DB7-9927-86A313A25273}.Debug|Any CPU.ActiveCfg = Debug|Any CPU
		{11BB7A18-4955-4DB7-9927-86A313A25273}.Debug|Any CPU.Build.0 = Debug|Any CPU
		{11BB7A18-4955-4DB7-9927-86A313A25273}.Release|Any CPU.ActiveCfg = Release|Any CPU
		{11BB7A18-4955-4DB7-9927-86A313A25273}.Release|Any CPU.Build.0 = Release|Any CPU
	EndGlobalSection
	GlobalSection(SolutionProperties) = preSolution
		HideSolutionNode = FALSE
	EndGlobalSection
	GlobalSection(ExtensibilityGlobals) = postSolution
		SolutionGuid = {95AB6BC3-E9DD-4441-B812-059FC54812E3}
	EndGlobalSection
EndGlobal
